// !$*UTF8*$!
{
	archiveVersion = 1;
	classes = {
	};
	objectVersion = 50;
	objects = {

/* Begin PBXBuildFile section */
		1AF5B86D25C6AF850098C47D /* AppDelegate.swift in Sources */ = {isa = PBXBuildFile; fileRef = 1AF5B86C25C6AF850098C47D /* AppDelegate.swift */; };
		1AF5B86F25C6AF850098C47D /* SceneDelegate.swift in Sources */ = {isa = PBXBuildFile; fileRef = 1AF5B86E25C6AF850098C47D /* SceneDelegate.swift */; };
		1AF5B87125C6AF850098C47D /* ViewController.swift in Sources */ = {isa = PBXBuildFile; fileRef = 1AF5B87025C6AF850098C47D /* ViewController.swift */; };
		1AF5B87425C6AF850098C47D /* Main.storyboard in Resources */ = {isa = PBXBuildFile; fileRef = 1AF5B87225C6AF850098C47D /* Main.storyboard */; };
		1AF5B87625C6AF860098C47D /* Assets.xcassets in Resources */ = {isa = PBXBuildFile; fileRef = 1AF5B87525C6AF860098C47D /* Assets.xcassets */; };
		1AF5B87925C6AF860098C47D /* LaunchScreen.storyboard in Resources */ = {isa = PBXBuildFile; fileRef = 1AF5B87725C6AF860098C47D /* LaunchScreen.storyboard */; };
		1AF5B88425C6B0720098C47D /* DetailViewController.swift in Sources */ = {isa = PBXBuildFile; fileRef = 1AF5B88225C6B0720098C47D /* DetailViewController.swift */; };
		1AF5B88525C6B0720098C47D /* DetailViewController.xib in Resources */ = {isa = PBXBuildFile; fileRef = 1AF5B88325C6B0720098C47D /* DetailViewController.xib */; };
		1AF5B88825C6B1DC0098C47D /* CircleTransition.swift in Sources */ = {isa = PBXBuildFile; fileRef = 1AF5B88725C6B1DC0098C47D /* CircleTransition.swift */; };
		1AF5B88C25C6E7850098C47D /* Transition.swift in Sources */ = {isa = PBXBuildFile; fileRef = 1AF5B88B25C6E7850098C47D /* Transition.swift */; };
		1AF5B8BF25C7C5050098C47D /* SpreadTransition.swift in Sources */ = {isa = PBXBuildFile; fileRef = 1AF5B8BE25C7C5050098C47D /* SpreadTransition.swift */; };
		1AF5B8C325C7FD540098C47D /* BoomTransition.swift in Sources */ = {isa = PBXBuildFile; fileRef = 1AF5B8C225C7FD540098C47D /* BoomTransition.swift */; };
/* End PBXBuildFile section */

/* Begin PBXFileReference section */
		1AF5B86925C6AF850098C47D /* CustomTransitionDemo.app */ = {isa = PBXFileReference; explicitFileType = wrapper.application; includeInIndex = 0; path = CustomTransitionDemo.app; sourceTree = BUILT_PRODUCTS_DIR; };
		1AF5B86C25C6AF850098C47D /* AppDelegate.swift */ = {isa = PBXFileReference; lastKnownFileType = sourcecode.swift; path = AppDelegate.swift; sourceTree = "<group>"; };
		1AF5B86E25C6AF850098C47D /* SceneDelegate.swift */ = {isa = PBXFileReference; lastKnownFileType = sourcecode.swift; path = SceneDelegate.swift; sourceTree = "<group>"; };
		1AF5B87025C6AF850098C47D /* ViewController.swift */ = {isa = PBXFileReference; lastKnownFileType = sourcecode.swift; path = ViewController.swift; sourceTree = "<group>"; };
		1AF5B87325C6AF850098C47D /* Base */ = {isa = PBXFileReference; lastKnownFileType = file.storyboard; name = Base; path = Base.lproj/Main.storyboard; sourceTree = "<group>"; };
		1AF5B87525C6AF860098C47D /* Assets.xcassets */ = {isa = PBXFileReference; lastKnownFileType = folder.assetcatalog; path = Assets.xcassets; sourceTree = "<group>"; };
		1AF5B87825C6AF860098C47D /* Base */ = {isa = PBXFileReference; lastKnownFileType = file.storyboard; name = Base; path = Base.lproj/LaunchScreen.storyboard; sourceTree = "<group>"; };
		1AF5B87A25C6AF860098C47D /* Info.plist */ = {isa = PBXFileReference; lastKnownFileType = text.plist.xml; path = Info.plist; sourceTree = "<group>"; };
		1AF5B88225C6B0720098C47D /* DetailViewController.swift */ = {isa = PBXFileReference; lastKnownFileType = sourcecode.swift; path = DetailViewController.swift; sourceTree = "<group>"; };
		1AF5B88325C6B0720098C47D /* DetailViewController.xib */ = {isa = PBXFileReference; lastKnownFileType = file.xib; path = DetailViewController.xib; sourceTree = "<group>"; };
		1AF5B88725C6B1DC0098C47D /* CircleTransition.swift */ = {isa = PBXFileReference; lastKnownFileType = sourcecode.swift; path = CircleTransition.swift; sourceTree = "<group>"; };
		1AF5B88B25C6E7850098C47D /* Transition.swift */ = {isa = PBXFileReference; lastKnownFileType = sourcecode.swift; path = Transition.swift; sourceTree = "<group>"; };
		1AF5B8BE25C7C5050098C47D /* SpreadTransition.swift */ = {isa = PBXFileReference; lastKnownFileType = sourcecode.swift; path = SpreadTransition.swift; sourceTree = "<group>"; };
		1AF5B8C225C7FD540098C47D /* BoomTransition.swift */ = {isa = PBXFileReference; lastKnownFileType = sourcecode.swift; path = BoomTransition.swift; sourceTree = "<group>"; };
/* End PBXFileReference section */

/* Begin PBXFrameworksBuildPhase section */
		1AF5B86625C6AF850098C47D /* Frameworks */ = {
			isa = PBXFrameworksBuildPhase;
			buildActionMask = 2147483647;
			files = (
			);
			runOnlyForDeploymentPostprocessing = 0;
		};
/* End PBXFrameworksBuildPhase section */

/* Begin PBXGroup section */
		1AF5B86025C6AF850098C47D = {
			isa = PBXGroup;
			children = (
				1AF5B86B25C6AF850098C47D /* CustomTransitionDemo */,
				1AF5B86A25C6AF850098C47D /* Products */,
			);
			sourceTree = "<group>";
		};
		1AF5B86A25C6AF850098C47D /* Products */ = {
			isa = PBXGroup;
			children = (
				1AF5B86925C6AF850098C47D /* CustomTransitionDemo.app */,
			);
			name = Products;
			sourceTree = "<group>";
		};
		1AF5B86B25C6AF850098C47D /* CustomTransitionDemo */ = {
			isa = PBXGroup;
			children = (
				1AF5B86C25C6AF850098C47D /* AppDelegate.swift */,
				1AF5B86E25C6AF850098C47D /* SceneDelegate.swift */,
				1AF5B87025C6AF850098C47D /* ViewController.swift */,
				1AF5B87225C6AF850098C47D /* Main.storyboard */,
				1AF5B88225C6B0720098C47D /* DetailViewController.swift */,
				1AF5B88325C6B0720098C47D /* DetailViewController.xib */,
				1AF5B88B25C6E7850098C47D /* Transition.swift */,
				1AF5B88725C6B1DC0098C47D /* CircleTransition.swift */,
				1AF5B8BE25C7C5050098C47D /* SpreadTransition.swift */,
				1AF5B8C225C7FD540098C47D /* BoomTransition.swift */,
				1AF5B87525C6AF860098C47D /* Assets.xcassets */,
				1AF5B87725C6AF860098C47D /* LaunchScreen.storyboard */,
				1AF5B87A25C6AF860098C47D /* Info.plist */,
			);
			path = CustomTransitionDemo;
			sourceTree = "<group>";
		};
/* End PBXGroup section */

/* Begin PBXNativeTarget section */
		1AF5B86825C6AF850098C47D /* CustomTransitionDemo */ = {
			isa = PBXNativeTarget;
			buildConfigurationList = 1AF5B87D25C6AF860098C47D /* Build configuration list for PBXNativeTarget "CustomTransitionDemo" */;
			buildPhases = (
				1AF5B86525C6AF850098C47D /* Sources */,
				1AF5B86625C6AF850098C47D /* Frameworks */,
				1AF5B86725C6AF850098C47D /* Resources */,
			);
			buildRules = (
			);
			dependencies = (
			);
			name = CustomTransitionDemo;
			productName = CustomTransitionDemo;
			productReference = 1AF5B86925C6AF850098C47D /* CustomTransitionDemo.app */;
			productType = "com.apple.product-type.application";
		};
/* End PBXNativeTarget section */

/* Begin PBXProject section */
		1AF5B86125C6AF850098C47D /* Project object */ = {
			isa = PBXProject;
			attributes = {
				LastSwiftUpdateCheck = 1230;
				LastUpgradeCheck = 1230;
				TargetAttributes = {
					1AF5B86825C6AF850098C47D = {
						CreatedOnToolsVersion = 12.3;
					};
				};
			};
			buildConfigurationList = 1AF5B86425C6AF850098C47D /* Build configuration list for PBXProject "CustomTransitionDemo" */;
			compatibilityVersion = "Xcode 9.3";
			developmentRegion = en;
			hasScannedForEncodings = 0;
			knownRegions = (
				en,
				Base,
			);
			mainGroup = 1AF5B86025C6AF850098C47D;
			productRefGroup = 1AF5B86A25C6AF850098C47D /* Products */;
			projectDirPath = "";
			projectRoot = "";
			targets = (
				1AF5B86825C6AF850098C47D /* CustomTransitionDemo */,
			);
		};
/* End PBXProject section */

/* Begin PBXResourcesBuildPhase section */
		1AF5B86725C6AF850098C47D /* Resources */ = {
			isa = PBXResourcesBuildPhase;
			buildActionMask = 2147483647;
			files = (
				1AF5B87925C6AF860098C47D /* LaunchScreen.storyboard in Resources */,
				1AF5B87625C6AF860098C47D /* Assets.xcassets in Resources */,
				1AF5B87425C6AF850098C47D /* Main.storyboard in Resources */,
				1AF5B88525C6B0720098C47D /* DetailViewController.xib in Resources */,
			);
			runOnlyForDeploymentPostprocessing = 0;
		};
/* End PBXResourcesBuildPhase section */

/* Begin PBXSourcesBuildPhase section */
		1AF5B86525C6AF850098C47D /* Sources */ = {
			isa = PBXSourcesBuildPhase;
			buildActionMask = 2147483647;
			files = (
				1AF5B88C25C6E7850098C47D /* Transition.swift in Sources */,
				1AF5B8BF25C7C5050098C47D /* SpreadTransition.swift in Sources */,
				1AF5B88825C6B1DC0098C47D /* CircleTransition.swift in Sources */,
				1AF5B87125C6AF850098C47D /* ViewController.swift in Sources */,
				1AF5B86D25C6AF850098C47D /* AppDelegate.swift in Sources */,
				1AF5B86F25C6AF850098C47D /* SceneDelegate.swift in Sources */,
				1AF5B88425C6B0720098C47D /* DetailViewController.swift in Sources */,
				1AF5B8C325C7FD540098C47D /* BoomTransition.swift in Sources */,
			);
			runOnlyForDeploymentPostprocessing = 0;
		};
/* End PBXSourcesBuildPhase section */

/* Begin PBXVariantGroup section */
		1AF5B87225C6AF850098C47D /* Main.storyboard */ = {
			isa = PBXVariantGroup;
			children = (
				1AF5B87325C6AF850098C47D /* Base */,
			);
			name = Main.storyboard;
			sourceTree = "<group>";
		};
		1AF5B87725C6AF860098C47D /* LaunchScreen.storyboard */ = {
			isa = PBXVariantGroup;
			children = (
				1AF5B87825C6AF860098C47D /* Base */,
			);
			name = LaunchScreen.storyboard;
			sourceTree = "<group>";
		};
/* End PBXVariantGroup section */

/* Begin XCBuildConfiguration section */
		1AF5B87B25C6AF860098C47D /* Debug */ = {
			isa = XCBuildConfiguration;
			buildSettings = {
				ALWAYS_SEARCH_USER_PATHS = NO;
				CLANG_ANALYZER_NONNULL = YES;
				CLANG_ANALYZER_NUMBER_OBJECT_CONVERSION = YES_AGGRESSIVE;
				CLANG_CXX_LANGUAGE_STANDARD = "gnu++14";
				CLANG_CXX_LIBRARY = "libc++";
				CLANG_ENABLE_MODULES = YES;
				CLANG_ENABLE_OBJC_ARC = YES;
				CLANG_ENABLE_OBJC_WEAK = YES;
				CLANG_WARN_BLOCK_CAPTURE_AUTORELEASING = YES;
				CLANG_WARN_BOOL_CONVERSION = YES;
				CLANG_WARN_COMMA = YES;
				CLANG_WARN_CONSTANT_CONVERSION = YES;
				CLANG_WARN_DEPRECATED_OBJC_IMPLEMENTATIONS = YES;
				CLANG_WARN_DIRECT_OBJC_ISA_USAGE = YES_ERROR;
				CLANG_WARN_DOCUMENTATION_COMMENTS = YES;
				CLANG_WARN_EMPTY_BODY = YES;
				CLANG_WARN_ENUM_CONVERSION = YES;
				CLANG_WARN_INFINITE_RECURSION = YES;
				CLANG_WARN_INT_CONVERSION = YES;
				CLANG_WARN_NON_LITERAL_NULL_CONVERSION = YES;
				CLANG_WARN_OBJC_IMPLICIT_RETAIN_SELF = YES;
				CLANG_WARN_OBJC_LITERAL_CONVERSION = YES;
				CLANG_WARN_OBJC_ROOT_CLASS = YES_ERROR;
				CLANG_WARN_QUOTED_INCLUDE_IN_FRAMEWORK_HEADER = YES;
				CLANG_WARN_RANGE_LOOP_ANALYSIS = YES;
				CLANG_WARN_STRICT_PROTOTYPES = YES;
				CLANG_WARN_SUSPICIOUS_MOVE = YES;
				CLANG_WARN_UNGUARDED_AVAILABILITY = YES_AGGRESSIVE;
				CLANG_WARN_UNREACHABLE_CODE = YES;
				CLANG_WARN__DUPLICATE_METHOD_MATCH = YES;
				COPY_PHASE_STRIP = NO;
				DEBUG_INFORMATION_FORMAT = dwarf;
				ENABLE_STRICT_OBJC_MSGSEND = YES;
				ENABLE_TESTABILITY = YES;
				GCC_C_LANGUAGE_STANDARD = gnu11;
				GCC_DYNAMIC_NO_PIC = NO;
				GCC_NO_COMMON_BLOCKS = YES;
				GCC_OPTIMIZATION_LEVEL = 0;
				GCC_PREPROCESSOR_DEFINITIONS = (
					"DEBUG=1",
					"$(inherited)",
				);
				GCC_WARN_64_TO_32_BIT_CONVERSION = YES;
				GCC_WARN_ABOUT_RETURN_TYPE = YES_ERROR;
				GCC_WARN_UNDECLARED_SELECTOR = YES;
				GCC_WARN_UNINITIALIZED_AUTOS = YES_AGGRESSIVE;
				GCC_WARN_UNUSED_FUNCTION = YES;
				GCC_WARN_UNUSED_VARIABLE = YES;
				IPHONEOS_DEPLOYMENT_TARGET = 14.3;
				MTL_ENABLE_DEBUG_INFO = INCLUDE_SOURCE;
				MTL_FAST_MATH = YES;
				ONLY_ACTIVE_ARCH = YES;
				SDKROOT = iphoneos;
				SWIFT_ACTIVE_COMPILATION_CONDITIONS = DEBUG;
				SWIFT_OPTIMIZATION_LEVEL = "-Onone";
			};
			name = Debug;
		};
		1AF5B87C25C6AF860098C47D /* Release */ = {
			isa = XCBuildConfiguration;
			buildSettings = {
				ALWAYS_SEARCH_USER_PATHS = NO;
				CLANG_ANALYZER_NONNULL = YES;
				CLANG_ANALYZER_NUMBER_OBJECT_CONVERSION = YES_AGGRESSIVE;
				CLANG_CXX_LANGUAGE_STANDARD = "gnu++14";
				CLANG_CXX_LIBRARY = "libc++";
				CLANG_ENABLE_MODULES = YES;
				CLANG_ENABLE_OBJC_ARC = YES;
				CLANG_ENABLE_OBJC_WEAK = YES;
				CLANG_WARN_BLOCK_CAPTURE_AUTORELEASING = YES;
				CLANG_WARN_BOOL_CONVERSION = YES;
				CLANG_WARN_COMMA = YES;
				CLANG_WARN_CONSTANT_CONVERSION = YES;
				CLANG_WARN_DEPRECATED_OBJC_IMPLEMENTATIONS = YES;
				CLANG_WARN_DIRECT_OBJC_ISA_USAGE = YES_ERROR;
				CLANG_WARN_DOCUMENTATION_COMMENTS = YES;
				CLANG_WARN_EMPTY_BODY = YES;
				CLANG_WARN_ENUM_CONVERSION = YES;
				CLANG_WARN_INFINITE_RECURSION = YES;
				CLANG_WARN_INT_CONVERSION = YES;
				CLANG_WARN_NON_LITERAL_NULL_CONVERSION = YES;
				CLANG_WARN_OBJC_IMPLICIT_RETAIN_SELF = YES;
				CLANG_WARN_OBJC_LITERAL_CONVERSION = YES;
				CLANG_WARN_OBJC_ROOT_CLASS = YES_ERROR;
				CLANG_WARN_QUOTED_INCLUDE_IN_FRAMEWORK_HEADER = YES;
				CLANG_WARN_RANGE_LOOP_ANALYSIS = YES;
				CLANG_WARN_STRICT_PROTOTYPES = YES;
				CLANG_WARN_SUSPICIOUS_MOVE = YES;
				CLANG_WARN_UNGUARDED_AVAILABILITY = YES_AGGRESSIVE;
				CLANG_WARN_UNREACHABLE_CODE = YES;
				CLANG_WARN__DUPLICATE_METHOD_MATCH = YES;
				COPY_PHASE_STRIP = NO;
				DEBUG_INFORMATION_FORMAT = "dwarf-with-dsym";
				ENABLE_NS_ASSERTIONS = NO;
				ENABLE_STRICT_OBJC_MSGSEND = YES;
				GCC_C_LANGUAGE_STANDARD = gnu11;
				GCC_NO_COMMON_BLOCKS = YES;
				GCC_WARN_64_TO_32_BIT_CONVERSION = YES;
				GCC_WARN_ABOUT_RETURN_TYPE = YES_ERROR;
				GCC_WARN_UNDECLARED_SELECTOR = YES;
				GCC_WARN_UNINITIALIZED_AUTOS = YES_AGGRESSIVE;
				GCC_WARN_UNUSED_FUNCTION = YES;
				GCC_WARN_UNUSED_VARIABLE = YES;
				IPHONEOS_DEPLOYMENT_TARGET = 14.3;
				MTL_ENABLE_DEBUG_INFO = NO;
				MTL_FAST_MATH = YES;
				SDKROOT = iphoneos;
				SWIFT_COMPILATION_MODE = wholemodule;
				SWIFT_OPTIMIZATION_LEVEL = "-O";
				VALIDATE_PRODUCT = YES;
			};
			name = Release;
		};
		1AF5B87E25C6AF860098C47D /* Debug */ = {
			isa = XCBuildConfiguration;
			buildSettings = {
				ASSETCATALOG_COMPILER_APPICON_NAME = AppIcon;
				ASSETCATALOG_COMPILER_GLOBAL_ACCENT_COLOR_NAME = AccentColor;
				CODE_SIGN_STYLE = Automatic;
				DEVELOPMENT_TEAM = 78247C8GL9;
				INFOPLIST_FILE = CustomTransitionDemo/Info.plist;
				IPHONEOS_DEPLOYMENT_TARGET = 13.0;
				LD_RUNPATH_SEARCH_PATHS = (
					"$(inherited)",
					"@executable_path/Frameworks",
				);
				PRODUCT_BUNDLE_IDENTIFIER = Daniel.CustomTransitionDemo;
				PRODUCT_NAME = "$(TARGET_NAME)";
				SWIFT_VERSION = 5.0;
				TARGETED_DEVICE_FAMILY = "1,2";
			};
			name = Debug;
		};
		1AF5B87F25C6AF860098C47D /* Release */ = {
			isa = XCBuildConfiguration;
			buildSettings = {
				ASSETCATALOG_COMPILER_APPICON_NAME = AppIcon;
				ASSETCATALOG_COMPILER_GLOBAL_ACCENT_COLOR_NAME = AccentColor;
				CODE_SIGN_STYLE = Automatic;
				DEVELOPMENT_TEAM = 78247C8GL9;
				INFOPLIST_FILE = CustomTransitionDemo/Info.plist;
				IPHONEOS_DEPLOYMENT_TARGET = 13.0;
				LD_RUNPATH_SEARCH_PATHS = (
					"$(inherited)",
					"@executable_path/Frameworks",
				);
				PRODUCT_BUNDLE_IDENTIFIER = Daniel.CustomTransitionDemo;
				PRODUCT_NAME = "$(TARGET_NAME)";
				SWIFT_VERSION = 5.0;
				TARGETED_DEVICE_FAMILY = "1,2";
			};
			name = Release;
		};
/* End XCBuildConfiguration section */

/* Begin XCConfigurationList section */
		1AF5B86425C6AF850098C47D /* Build configuration list for PBXProject "CustomTransitionDemo" */ = {
			isa = XCConfigurationList;
			buildConfigurations = (
				1AF5B87B25C6AF860098C47D /* Debug */,
				1AF5B87C25C6AF860098C47D /* Release */,
			);
			defaultConfigurationIsVisible = 0;
			defaultConfigurationName = Release;
		};
		1AF5B87D25C6AF860098C47D /* Build configuration list for PBXNativeTarget "CustomTransitionDemo" */ = {
			isa = XCConfigurationList;
			buildConfigurations = (
				1AF5B87E25C6AF860098C47D /* Debug */,
				1AF5B87F25C6AF860098C47D /* Release */,
			);
			defaultConfigurationIsVisible = 0;
			defaultConfigurationName = Release;
		};
/* End XCConfigurationList section */
	};
	rootObject = 1AF5B86125C6AF850098C47D /* Project object */;
}
